
Microsoft Visual Studio Solution File, Format Version 12.00
# Visual Studio Version 17
VisualStudioVersion = 17.7.34024.191
MinimumVisualStudioVersion = 10.0.40219.1
Project("{FAE04EC0-301F-11D3-BF4B-00C04F79EFBC}") = "ActivityPortal.API", "ActivityPortal.API\ActivityPortal.API.csproj", "{2FA4F608-099E-4E6E-A375-2AD89BC63579}"
EndProject
Project("{FAE04EC0-301F-11D3-BF4B-00C04F79EFBC}") = "Portal.Core", "Portal.Core\Portal.Core.csproj", "{6C828939-93F0-4D63-9346-EEA124896D2A}"
EndProject
Project("{FAE04EC0-301F-11D3-BF4B-00C04F79EFBC}") = "Portal.Services", "Portal.Services\Portal.Services.csproj", "{9B95DF9B-D185-4AB4-85B7-6F0DAF6B0D0C}"
EndProject
Global
	GlobalSection(SolutionConfigurationPlatforms) = preSolution
		Debug|Any CPU = Debug|Any CPU
		Release|Any CPU = Release|Any CPU
	EndGlobalSection
	GlobalSection(ProjectConfigurationPlatforms) = postSolution
		{2FA4F608-099E-4E6E-A375-2AD89BC63579}.Debug|Any CPU.ActiveCfg = Debug|Any CPU
		{2FA4F608-099E-4E6E-A375-2AD89BC63579}.Debug|Any CPU.Build.0 = Debug|Any CPU
		{2FA4F608-099E-4E6E-A375-2AD89BC63579}.Release|Any CPU.ActiveCfg = Release|Any CPU
		{2FA4F608-099E-4E6E-A375-2AD89BC63579}.Release|Any CPU.Build.0 = Release|Any CPU
		{6C828939-93F0-4D63-9346-EEA124896D2A}.Debug|Any CPU.ActiveCfg = Debug|Any CPU
		{6C828939-93F0-4D63-9346-EEA124896D2A}.Debug|Any CPU.Build.0 = Debug|Any CPU
		{6C828939-93F0-4D63-9346-EEA124896D2A}.Release|Any CPU.ActiveCfg = Release|Any CPU
		{6C828939-93F0-4D63-9346-EEA124896D2A}.Release|Any CPU.Build.0 = Release|Any CPU
		{9B95DF9B-D185-4AB4-85B7-6F0DAF6B0D0C}.Debug|Any CPU.ActiveCfg = Debug|Any CPU
		{9B95DF9B-D185-4AB4-85B7-6F0DAF6B0D0C}.Debug|Any CPU.Build.0 = Debug|Any CPU
		{9B95DF9B-D185-4AB4-85B7-6F0DAF6B0D0C}.Release|Any CPU.ActiveCfg = Release|Any CPU
		{9B95DF9B-D185-4AB4-85B7-6F0DAF6B0D0C}.Release|Any CPU.Build.0 = Release|Any CPU
	EndGlobalSection
	GlobalSection(SolutionProperties) = preSolution
		HideSolutionNode = FALSE
	EndGlobalSection
	GlobalSection(ExtensibilityGlobals) = postSolution
		SolutionGuid = {1F7D7786-80AB-4E20-BD29-859A5DA0C581}
	EndGlobalSection
EndGlobal
